
Microsoft Visual Studio Solution File, Format Version 12.00
# Visual Studio Version 16
VisualStudioVersion = 16.0.31729.503
MinimumVisualStudioVersion = 10.0.40219.1
Project("{FAE04EC0-301F-11D3-BF4B-00C04F79EFBC}") = "TransportCompany", "TransportCompany\TransportCompany.csproj", "{66B73B16-F002-49AF-8C27-44C9F8A2BDA7}"
EndProject
Global
	GlobalSection(SolutionConfigurationPlatforms) = preSolution
		Debug|Any CPU = Debug|Any CPU
		Release|Any CPU = Release|Any CPU
	EndGlobalSection
	GlobalSection(ProjectConfigurationPlatforms) = postSolution
		{66B73B16-F002-49AF-8C27-44C9F8A2BDA7}.Debug|Any CPU.ActiveCfg = Debug|Any CPU
		{66B73B16-F002-49AF-8C27-44C9F8A2BDA7}.Debug|Any CPU.Build.0 = Debug|Any CPU
		{66B73B16-F002-49AF-8C27-44C9F8A2BDA7}.Release|Any CPU.ActiveCfg = Release|Any CPU
		{66B73B16-F002-49AF-8C27-44C9F8A2BDA7}.Release|Any CPU.Build.0 = Release|Any CPU
	EndGlobalSection
	GlobalSection(SolutionProperties) = preSolution
		HideSolutionNode = FALSE
	EndGlobalSection
	GlobalSection(ExtensibilityGlobals) = postSolution
		SolutionGuid = {42362187-4C82-4118-B5D0-794C4CA10884}
	EndGlobalSection
EndGlobal
